// !$*UTF8*$!
{
	archiveVersion = 1;
	classes = {
	};
	objectVersion = 56;
	objects = {

/* Begin PBXBuildFile section */
		E811141D29269F0C00D43AA3 /* StreamixApp.swift in Sources */ = {isa = PBXBuildFile; fileRef = E811141C29269F0C00D43AA3 /* StreamixApp.swift */; };
		E811141F29269F0C00D43AA3 /* ContentView.swift in Sources */ = {isa = PBXBuildFile; fileRef = E811141E29269F0C00D43AA3 /* ContentView.swift */; };
		E811142129269F1000D43AA3 /* Assets.xcassets in Resources */ = {isa = PBXBuildFile; fileRef = E811142029269F1000D43AA3 /* Assets.xcassets */; };
		E811142429269F1000D43AA3 /* Preview Assets.xcassets in Resources */ = {isa = PBXBuildFile; fileRef = E811142329269F1000D43AA3 /* Preview Assets.xcassets */; };
		E811142E29269F1000D43AA3 /* StreamixTests.swift in Sources */ = {isa = PBXBuildFile; fileRef = E811142D29269F1000D43AA3 /* StreamixTests.swift */; };
		E811143829269F1000D43AA3 /* StreamixUITests.swift in Sources */ = {isa = PBXBuildFile; fileRef = E811143729269F1000D43AA3 /* StreamixUITests.swift */; };
		E811143A29269F1000D43AA3 /* StreamixUITestsLaunchTests.swift in Sources */ = {isa = PBXBuildFile; fileRef = E811143929269F1000D43AA3 /* StreamixUITestsLaunchTests.swift */; };
		E811144C2926A03800D43AA3 /* HomeTabView.swift in Sources */ = {isa = PBXBuildFile; fileRef = E811144B2926A03800D43AA3 /* HomeTabView.swift */; };
		E811144F2926A25D00D43AA3 /* SettingsView.swift in Sources */ = {isa = PBXBuildFile; fileRef = E811144E2926A25D00D43AA3 /* SettingsView.swift */; };
		E81114512926AD2800D43AA3 /* MoviesView.swift in Sources */ = {isa = PBXBuildFile; fileRef = E81114502926AD2800D43AA3 /* MoviesView.swift */; };
		E81114532926AD3400D43AA3 /* DiscoverView.swift in Sources */ = {isa = PBXBuildFile; fileRef = E81114522926AD3400D43AA3 /* DiscoverView.swift */; };
/* End PBXBuildFile section */

/* Begin PBXContainerItemProxy section */
		E811142A29269F1000D43AA3 /* PBXContainerItemProxy */ = {
			isa = PBXContainerItemProxy;
			containerPortal = E811141129269F0C00D43AA3 /* Project object */;
			proxyType = 1;
			remoteGlobalIDString = E811141829269F0C00D43AA3;
			remoteInfo = Streamix;
		};
		E811143429269F1000D43AA3 /* PBXContainerItemProxy */ = {
			isa = PBXContainerItemProxy;
			containerPortal = E811141129269F0C00D43AA3 /* Project object */;
			proxyType = 1;
			remoteGlobalIDString = E811141829269F0C00D43AA3;
			remoteInfo = Streamix;
		};
/* End PBXContainerItemProxy section */

/* Begin PBXFileReference section */
		E811141929269F0C00D43AA3 /* Streamix.app */ = {isa = PBXFileReference; explicitFileType = wrapper.application; includeInIndex = 0; path = Streamix.app; sourceTree = BUILT_PRODUCTS_DIR; };
		E811141C29269F0C00D43AA3 /* StreamixApp.swift */ = {isa = PBXFileReference; lastKnownFileType = sourcecode.swift; path = StreamixApp.swift; sourceTree = "<group>"; };
		E811141E29269F0C00D43AA3 /* ContentView.swift */ = {isa = PBXFileReference; lastKnownFileType = sourcecode.swift; path = ContentView.swift; sourceTree = "<group>"; };
		E811142029269F1000D43AA3 /* Assets.xcassets */ = {isa = PBXFileReference; lastKnownFileType = folder.assetcatalog; path = Assets.xcassets; sourceTree = "<group>"; };
		E811142329269F1000D43AA3 /* Preview Assets.xcassets */ = {isa = PBXFileReference; lastKnownFileType = folder.assetcatalog; path = "Preview Assets.xcassets"; sourceTree = "<group>"; };
		E811142929269F1000D43AA3 /* StreamixTests.xctest */ = {isa = PBXFileReference; explicitFileType = wrapper.cfbundle; includeInIndex = 0; path = StreamixTests.xctest; sourceTree = BUILT_PRODUCTS_DIR; };
		E811142D29269F1000D43AA3 /* StreamixTests.swift */ = {isa = PBXFileReference; lastKnownFileType = sourcecode.swift; path = StreamixTests.swift; sourceTree = "<group>"; };
		E811143329269F1000D43AA3 /* StreamixUITests.xctest */ = {isa = PBXFileReference; explicitFileType = wrapper.cfbundle; includeInIndex = 0; path = StreamixUITests.xctest; sourceTree = BUILT_PRODUCTS_DIR; };
		E811143729269F1000D43AA3 /* StreamixUITests.swift */ = {isa = PBXFileReference; lastKnownFileType = sourcecode.swift; path = StreamixUITests.swift; sourceTree = "<group>"; };
		E811143929269F1000D43AA3 /* StreamixUITestsLaunchTests.swift */ = {isa = PBXFileReference; lastKnownFileType = sourcecode.swift; path = StreamixUITestsLaunchTests.swift; sourceTree = "<group>"; };
		E811144B2926A03800D43AA3 /* HomeTabView.swift */ = {isa = PBXFileReference; lastKnownFileType = sourcecode.swift; path = HomeTabView.swift; sourceTree = "<group>"; };
		E811144E2926A25D00D43AA3 /* SettingsView.swift */ = {isa = PBXFileReference; lastKnownFileType = sourcecode.swift; path = SettingsView.swift; sourceTree = "<group>"; };
		E81114502926AD2800D43AA3 /* MoviesView.swift */ = {isa = PBXFileReference; lastKnownFileType = sourcecode.swift; path = MoviesView.swift; sourceTree = "<group>"; };
		E81114522926AD3400D43AA3 /* DiscoverView.swift */ = {isa = PBXFileReference; lastKnownFileType = sourcecode.swift; path = DiscoverView.swift; sourceTree = "<group>"; };
/* End PBXFileReference section */

/* Begin PBXFrameworksBuildPhase section */
		E811141629269F0C00D43AA3 /* Frameworks */ = {
			isa = PBXFrameworksBuildPhase;
			buildActionMask = 2147483647;
			files = (
			);
			runOnlyForDeploymentPostprocessing = 0;
		};
		E811142629269F1000D43AA3 /* Frameworks */ = {
			isa = PBXFrameworksBuildPhase;
			buildActionMask = 2147483647;
			files = (
			);
			runOnlyForDeploymentPostprocessing = 0;
		};
		E811143029269F1000D43AA3 /* Frameworks */ = {
			isa = PBXFrameworksBuildPhase;
			buildActionMask = 2147483647;
			files = (
			);
			runOnlyForDeploymentPostprocessing = 0;
		};
/* End PBXFrameworksBuildPhase section */

/* Begin PBXGroup section */
		E811141029269F0C00D43AA3 = {
			isa = PBXGroup;
			children = (
				E811141B29269F0C00D43AA3 /* Streamix */,
				E811142C29269F1000D43AA3 /* StreamixTests */,
				E811143629269F1000D43AA3 /* StreamixUITests */,
				E811141A29269F0C00D43AA3 /* Products */,
			);
			sourceTree = "<group>";
		};
		E811141A29269F0C00D43AA3 /* Products */ = {
			isa = PBXGroup;
			children = (
				E811141929269F0C00D43AA3 /* Streamix.app */,
				E811142929269F1000D43AA3 /* StreamixTests.xctest */,
				E811143329269F1000D43AA3 /* StreamixUITests.xctest */,
			);
			name = Products;
			sourceTree = "<group>";
		};
		E811141B29269F0C00D43AA3 /* Streamix */ = {
			isa = PBXGroup;
			children = (
				E811144D2926A24E00D43AA3 /* View */,
				E81114482926A00500D43AA3 /* Networking */,
				E811144729269FFE00D43AA3 /* Model */,
				E811144629269FF400D43AA3 /* AsyncImage */,
				E811141C29269F0C00D43AA3 /* StreamixApp.swift */,
				E811141E29269F0C00D43AA3 /* ContentView.swift */,
				E811142029269F1000D43AA3 /* Assets.xcassets */,
				E811142229269F1000D43AA3 /* Preview Content */,
			);
			path = Streamix;
			sourceTree = "<group>";
		};
		E811142229269F1000D43AA3 /* Preview Content */ = {
			isa = PBXGroup;
			children = (
				E811142329269F1000D43AA3 /* Preview Assets.xcassets */,
			);
			path = "Preview Content";
			sourceTree = "<group>";
		};
		E811142C29269F1000D43AA3 /* StreamixTests */ = {
			isa = PBXGroup;
			children = (
				E811142D29269F1000D43AA3 /* StreamixTests.swift */,
			);
			path = StreamixTests;
			sourceTree = "<group>";
		};
		E811143629269F1000D43AA3 /* StreamixUITests */ = {
			isa = PBXGroup;
			children = (
				E811143729269F1000D43AA3 /* StreamixUITests.swift */,
				E811143929269F1000D43AA3 /* StreamixUITestsLaunchTests.swift */,
			);
			path = StreamixUITests;
			sourceTree = "<group>";
		};
		E811144629269FF400D43AA3 /* AsyncImage */ = {
			isa = PBXGroup;
			children = (
			);
			path = AsyncImage;
			sourceTree = "<group>";
		};
		E811144729269FFE00D43AA3 /* Model */ = {
			isa = PBXGroup;
			children = (
			);
			path = Model;
			sourceTree = "<group>";
		};
		E81114482926A00500D43AA3 /* Networking */ = {
			isa = PBXGroup;
			children = (
			);
			path = Networking;
			sourceTree = "<group>";
		};
		E811144D2926A24E00D43AA3 /* View */ = {
			isa = PBXGroup;
			children = (
				E811144B2926A03800D43AA3 /* HomeTabView.swift */,
				E811144E2926A25D00D43AA3 /* SettingsView.swift */,
				E81114502926AD2800D43AA3 /* MoviesView.swift */,
				E81114522926AD3400D43AA3 /* DiscoverView.swift */,
			);
			path = View;
			sourceTree = "<group>";
		};
/* End PBXGroup section */

/* Begin PBXNativeTarget section */
		E811141829269F0C00D43AA3 /* Streamix */ = {
			isa = PBXNativeTarget;
			buildConfigurationList = E811143D29269F1000D43AA3 /* Build configuration list for PBXNativeTarget "Streamix" */;
			buildPhases = (
				E811141529269F0C00D43AA3 /* Sources */,
				E811141629269F0C00D43AA3 /* Frameworks */,
				E811141729269F0C00D43AA3 /* Resources */,
			);
			buildRules = (
			);
			dependencies = (
			);
			name = Streamix;
			productName = Streamix;
			productReference = E811141929269F0C00D43AA3 /* Streamix.app */;
			productType = "com.apple.product-type.application";
		};
		E811142829269F1000D43AA3 /* StreamixTests */ = {
			isa = PBXNativeTarget;
			buildConfigurationList = E811144029269F1000D43AA3 /* Build configuration list for PBXNativeTarget "StreamixTests" */;
			buildPhases = (
				E811142529269F1000D43AA3 /* Sources */,
				E811142629269F1000D43AA3 /* Frameworks */,
				E811142729269F1000D43AA3 /* Resources */,
			);
			buildRules = (
			);
			dependencies = (
				E811142B29269F1000D43AA3 /* PBXTargetDependency */,
			);
			name = StreamixTests;
			productName = StreamixTests;
			productReference = E811142929269F1000D43AA3 /* StreamixTests.xctest */;
			productType = "com.apple.product-type.bundle.unit-test";
		};
		E811143229269F1000D43AA3 /* StreamixUITests */ = {
			isa = PBXNativeTarget;
			buildConfigurationList = E811144329269F1000D43AA3 /* Build configuration list for PBXNativeTarget "StreamixUITests" */;
			buildPhases = (
				E811142F29269F1000D43AA3 /* Sources */,
				E811143029269F1000D43AA3 /* Frameworks */,
				E811143129269F1000D43AA3 /* Resources */,
			);
			buildRules = (
			);
			dependencies = (
				E811143529269F1000D43AA3 /* PBXTargetDependency */,
			);
			name = StreamixUITests;
			productName = StreamixUITests;
			productReference = E811143329269F1000D43AA3 /* StreamixUITests.xctest */;
			productType = "com.apple.product-type.bundle.ui-testing";
		};
/* End PBXNativeTarget section */

/* Begin PBXProject section */
		E811141129269F0C00D43AA3 /* Project object */ = {
			isa = PBXProject;
			attributes = {
				BuildIndependentTargetsInParallel = 1;
				LastSwiftUpdateCheck = 1400;
				LastUpgradeCheck = 1400;
				TargetAttributes = {
					E811141829269F0C00D43AA3 = {
						CreatedOnToolsVersion = 14.0.1;
					};
					E811142829269F1000D43AA3 = {
						CreatedOnToolsVersion = 14.0.1;
						TestTargetID = E811141829269F0C00D43AA3;
					};
					E811143229269F1000D43AA3 = {
						CreatedOnToolsVersion = 14.0.1;
						TestTargetID = E811141829269F0C00D43AA3;
					};
				};
			};
			buildConfigurationList = E811141429269F0C00D43AA3 /* Build configuration list for PBXProject "Streamix" */;
			compatibilityVersion = "Xcode 14.0";
			developmentRegion = en;
			hasScannedForEncodings = 0;
			knownRegions = (
				en,
				Base,
			);
			mainGroup = E811141029269F0C00D43AA3;
			productRefGroup = E811141A29269F0C00D43AA3 /* Products */;
			projectDirPath = "";
			projectRoot = "";
			targets = (
				E811141829269F0C00D43AA3 /* Streamix */,
				E811142829269F1000D43AA3 /* StreamixTests */,
				E811143229269F1000D43AA3 /* StreamixUITests */,
			);
		};
/* End PBXProject section */

/* Begin PBXResourcesBuildPhase section */
		E811141729269F0C00D43AA3 /* Resources */ = {
			isa = PBXResourcesBuildPhase;
			buildActionMask = 2147483647;
			files = (
				E811142429269F1000D43AA3 /* Preview Assets.xcassets in Resources */,
				E811142129269F1000D43AA3 /* Assets.xcassets in Resources */,
			);
			runOnlyForDeploymentPostprocessing = 0;
		};
		E811142729269F1000D43AA3 /* Resources */ = {
			isa = PBXResourcesBuildPhase;
			buildActionMask = 2147483647;
			files = (
			);
			runOnlyForDeploymentPostprocessing = 0;
		};
		E811143129269F1000D43AA3 /* Resources */ = {
			isa = PBXResourcesBuildPhase;
			buildActionMask = 2147483647;
			files = (
			);
			runOnlyForDeploymentPostprocessing = 0;
		};
/* End PBXResourcesBuildPhase section */

/* Begin PBXSourcesBuildPhase section */
		E811141529269F0C00D43AA3 /* Sources */ = {
			isa = PBXSourcesBuildPhase;
			buildActionMask = 2147483647;
			files = (
				E81114512926AD2800D43AA3 /* MoviesView.swift in Sources */,
				E811144C2926A03800D43AA3 /* HomeTabView.swift in Sources */,
				E811144F2926A25D00D43AA3 /* SettingsView.swift in Sources */,
				E811141F29269F0C00D43AA3 /* ContentView.swift in Sources */,
				E811141D29269F0C00D43AA3 /* StreamixApp.swift in Sources */,
				E81114532926AD3400D43AA3 /* DiscoverView.swift in Sources */,
			);
			runOnlyForDeploymentPostprocessing = 0;
		};
		E811142529269F1000D43AA3 /* Sources */ = {
			isa = PBXSourcesBuildPhase;
			buildActionMask = 2147483647;
			files = (
				E811142E29269F1000D43AA3 /* StreamixTests.swift in Sources */,
			);
			runOnlyForDeploymentPostprocessing = 0;
		};
		E811142F29269F1000D43AA3 /* Sources */ = {
			isa = PBXSourcesBuildPhase;
			buildActionMask = 2147483647;
			files = (
				E811143A29269F1000D43AA3 /* StreamixUITestsLaunchTests.swift in Sources */,
				E811143829269F1000D43AA3 /* StreamixUITests.swift in Sources */,
			);
			runOnlyForDeploymentPostprocessing = 0;
		};
/* End PBXSourcesBuildPhase section */

/* Begin PBXTargetDependency section */
		E811142B29269F1000D43AA3 /* PBXTargetDependency */ = {
			isa = PBXTargetDependency;
			target = E811141829269F0C00D43AA3 /* Streamix */;
			targetProxy = E811142A29269F1000D43AA3 /* PBXContainerItemProxy */;
		};
		E811143529269F1000D43AA3 /* PBXTargetDependency */ = {
			isa = PBXTargetDependency;
			target = E811141829269F0C00D43AA3 /* Streamix */;
			targetProxy = E811143429269F1000D43AA3 /* PBXContainerItemProxy */;
		};
/* End PBXTargetDependency section */

/* Begin XCBuildConfiguration section */
		E811143B29269F1000D43AA3 /* Debug */ = {
			isa = XCBuildConfiguration;
			buildSettings = {
				ALWAYS_SEARCH_USER_PATHS = NO;
				CLANG_ANALYZER_NONNULL = YES;
				CLANG_ANALYZER_NUMBER_OBJECT_CONVERSION = YES_AGGRESSIVE;
				CLANG_CXX_LANGUAGE_STANDARD = "gnu++20";
				CLANG_ENABLE_MODULES = YES;
				CLANG_ENABLE_OBJC_ARC = YES;
				CLANG_ENABLE_OBJC_WEAK = YES;
				CLANG_WARN_BLOCK_CAPTURE_AUTORELEASING = YES;
				CLANG_WARN_BOOL_CONVERSION = YES;
				CLANG_WARN_COMMA = YES;
				CLANG_WARN_CONSTANT_CONVERSION = YES;
				CLANG_WARN_DEPRECATED_OBJC_IMPLEMENTATIONS = YES;
				CLANG_WARN_DIRECT_OBJC_ISA_USAGE = YES_ERROR;
				CLANG_WARN_DOCUMENTATION_COMMENTS = YES;
				CLANG_WARN_EMPTY_BODY = YES;
				CLANG_WARN_ENUM_CONVERSION = YES;
				CLANG_WARN_INFINITE_RECURSION = YES;
				CLANG_WARN_INT_CONVERSION = YES;
				CLANG_WARN_NON_LITERAL_NULL_CONVERSION = YES;
				CLANG_WARN_OBJC_IMPLICIT_RETAIN_SELF = YES;
				CLANG_WARN_OBJC_LITERAL_CONVERSION = YES;
				CLANG_WARN_OBJC_ROOT_CLASS = YES_ERROR;
				CLANG_WARN_QUOTED_INCLUDE_IN_FRAMEWORK_HEADER = YES;
				CLANG_WARN_RANGE_LOOP_ANALYSIS = YES;
				CLANG_WARN_STRICT_PROTOTYPES = YES;
				CLANG_WARN_SUSPICIOUS_MOVE = YES;
				CLANG_WARN_UNGUARDED_AVAILABILITY = YES_AGGRESSIVE;
				CLANG_WARN_UNREACHABLE_CODE = YES;
				CLANG_WARN__DUPLICATE_METHOD_MATCH = YES;
				COPY_PHASE_STRIP = NO;
				DEBUG_INFORMATION_FORMAT = dwarf;
				ENABLE_STRICT_OBJC_MSGSEND = YES;
				ENABLE_TESTABILITY = YES;
				GCC_C_LANGUAGE_STANDARD = gnu11;
				GCC_DYNAMIC_NO_PIC = NO;
				GCC_NO_COMMON_BLOCKS = YES;
				GCC_OPTIMIZATION_LEVEL = 0;
				GCC_PREPROCESSOR_DEFINITIONS = (
					"DEBUG=1",
					"$(inherited)",
				);
				GCC_WARN_64_TO_32_BIT_CONVERSION = YES;
				GCC_WARN_ABOUT_RETURN_TYPE = YES_ERROR;
				GCC_WARN_UNDECLARED_SELECTOR = YES;
				GCC_WARN_UNINITIALIZED_AUTOS = YES_AGGRESSIVE;
				GCC_WARN_UNUSED_FUNCTION = YES;
				GCC_WARN_UNUSED_VARIABLE = YES;
				IPHONEOS_DEPLOYMENT_TARGET = 16.0;
				MTL_ENABLE_DEBUG_INFO = INCLUDE_SOURCE;
				MTL_FAST_MATH = YES;
				ONLY_ACTIVE_ARCH = YES;
				SDKROOT = iphoneos;
				SWIFT_ACTIVE_COMPILATION_CONDITIONS = DEBUG;
				SWIFT_OPTIMIZATION_LEVEL = "-Onone";
			};
			name = Debug;
		};
		E811143C29269F1000D43AA3 /* Release */ = {
			isa = XCBuildConfiguration;
			buildSettings = {
				ALWAYS_SEARCH_USER_PATHS = NO;
				CLANG_ANALYZER_NONNULL = YES;
				CLANG_ANALYZER_NUMBER_OBJECT_CONVERSION = YES_AGGRESSIVE;
				CLANG_CXX_LANGUAGE_STANDARD = "gnu++20";
				CLANG_ENABLE_MODULES = YES;
				CLANG_ENABLE_OBJC_ARC = YES;
				CLANG_ENABLE_OBJC_WEAK = YES;
				CLANG_WARN_BLOCK_CAPTURE_AUTORELEASING = YES;
				CLANG_WARN_BOOL_CONVERSION = YES;
				CLANG_WARN_COMMA = YES;
				CLANG_WARN_CONSTANT_CONVERSION = YES;
				CLANG_WARN_DEPRECATED_OBJC_IMPLEMENTATIONS = YES;
				CLANG_WARN_DIRECT_OBJC_ISA_USAGE = YES_ERROR;
				CLANG_WARN_DOCUMENTATION_COMMENTS = YES;
				CLANG_WARN_EMPTY_BODY = YES;
				CLANG_WARN_ENUM_CONVERSION = YES;
				CLANG_WARN_INFINITE_RECURSION = YES;
				CLANG_WARN_INT_CONVERSION = YES;
				CLANG_WARN_NON_LITERAL_NULL_CONVERSION = YES;
				CLANG_WARN_OBJC_IMPLICIT_RETAIN_SELF = YES;
				CLANG_WARN_OBJC_LITERAL_CONVERSION = YES;
				CLANG_WARN_OBJC_ROOT_CLASS = YES_ERROR;
				CLANG_WARN_QUOTED_INCLUDE_IN_FRAMEWORK_HEADER = YES;
				CLANG_WARN_RANGE_LOOP_ANALYSIS = YES;
				CLANG_WARN_STRICT_PROTOTYPES = YES;
				CLANG_WARN_SUSPICIOUS_MOVE = YES;
				CLANG_WARN_UNGUARDED_AVAILABILITY = YES_AGGRESSIVE;
				CLANG_WARN_UNREACHABLE_CODE = YES;
				CLANG_WARN__DUPLICATE_METHOD_MATCH = YES;
				COPY_PHASE_STRIP = NO;
				DEBUG_INFORMATION_FORMAT = "dwarf-with-dsym";
				ENABLE_NS_ASSERTIONS = NO;
				ENABLE_STRICT_OBJC_MSGSEND = YES;
				GCC_C_LANGUAGE_STANDARD = gnu11;
				GCC_NO_COMMON_BLOCKS = YES;
				GCC_WARN_64_TO_32_BIT_CONVERSION = YES;
				GCC_WARN_ABOUT_RETURN_TYPE = YES_ERROR;
				GCC_WARN_UNDECLARED_SELECTOR = YES;
				GCC_WARN_UNINITIALIZED_AUTOS = YES_AGGRESSIVE;
				GCC_WARN_UNUSED_FUNCTION = YES;
				GCC_WARN_UNUSED_VARIABLE = YES;
				IPHONEOS_DEPLOYMENT_TARGET = 16.0;
				MTL_ENABLE_DEBUG_INFO = NO;
				MTL_FAST_MATH = YES;
				SDKROOT = iphoneos;
				SWIFT_COMPILATION_MODE = wholemodule;
				SWIFT_OPTIMIZATION_LEVEL = "-O";
				VALIDATE_PRODUCT = YES;
			};
			name = Release;
		};
		E811143E29269F1000D43AA3 /* Debug */ = {
			isa = XCBuildConfiguration;
			buildSettings = {
				ASSETCATALOG_COMPILER_APPICON_NAME = AppIcon;
				ASSETCATALOG_COMPILER_GLOBAL_ACCENT_COLOR_NAME = AccentColor;
				CODE_SIGN_STYLE = Automatic;
				CURRENT_PROJECT_VERSION = 1;
				DEVELOPMENT_ASSET_PATHS = "\"Streamix/Preview Content\"";
				DEVELOPMENT_TEAM = 62PXL5SLG7;
				ENABLE_PREVIEWS = YES;
				GENERATE_INFOPLIST_FILE = YES;
				INFOPLIST_KEY_UIApplicationSceneManifest_Generation = YES;
				INFOPLIST_KEY_UIApplicationSupportsIndirectInputEvents = YES;
				INFOPLIST_KEY_UILaunchScreen_Generation = YES;
				INFOPLIST_KEY_UISupportedInterfaceOrientations_iPad = "UIInterfaceOrientationPortrait UIInterfaceOrientationPortraitUpsideDown UIInterfaceOrientationLandscapeLeft UIInterfaceOrientationLandscapeRight";
				INFOPLIST_KEY_UISupportedInterfaceOrientations_iPhone = "UIInterfaceOrientationPortrait UIInterfaceOrientationLandscapeLeft UIInterfaceOrientationLandscapeRight";
				LD_RUNPATH_SEARCH_PATHS = (
					"$(inherited)",
					"@executable_path/Frameworks",
				);
				MARKETING_VERSION = 1.0;
				PRODUCT_BUNDLE_IDENTIFIER = FranciscoNasich.Streamix;
				PRODUCT_NAME = "$(TARGET_NAME)";
				SWIFT_EMIT_LOC_STRINGS = YES;
				SWIFT_VERSION = 5.0;
				TARGETED_DEVICE_FAMILY = "1,2";
			};
			name = Debug;
		};
		E811143F29269F1000D43AA3 /* Release */ = {
			isa = XCBuildConfiguration;
			buildSettings = {
				ASSETCATALOG_COMPILER_APPICON_NAME = AppIcon;
				ASSETCATALOG_COMPILER_GLOBAL_ACCENT_COLOR_NAME = AccentColor;
				CODE_SIGN_STYLE = Automatic;
				CURRENT_PROJECT_VERSION = 1;
				DEVELOPMENT_ASSET_PATHS = "\"Streamix/Preview Content\"";
				DEVELOPMENT_TEAM = 62PXL5SLG7;
				ENABLE_PREVIEWS = YES;
				GENERATE_INFOPLIST_FILE = YES;
				INFOPLIST_KEY_UIApplicationSceneManifest_Generation = YES;
				INFOPLIST_KEY_UIApplicationSupportsIndirectInputEvents = YES;
				INFOPLIST_KEY_UILaunchScreen_Generation = YES;
				INFOPLIST_KEY_UISupportedInterfaceOrientations_iPad = "UIInterfaceOrientationPortrait UIInterfaceOrientationPortraitUpsideDown UIInterfaceOrientationLandscapeLeft UIInterfaceOrientationLandscapeRight";
				INFOPLIST_KEY_UISupportedInterfaceOrientations_iPhone = "UIInterfaceOrientationPortrait UIInterfaceOrientationLandscapeLeft UIInterfaceOrientationLandscapeRight";
				LD_RUNPATH_SEARCH_PATHS = (
					"$(inherited)",
					"@executable_path/Frameworks",
				);
				MARKETING_VERSION = 1.0;
				PRODUCT_BUNDLE_IDENTIFIER = FranciscoNasich.Streamix;
				PRODUCT_NAME = "$(TARGET_NAME)";
				SWIFT_EMIT_LOC_STRINGS = YES;
				SWIFT_VERSION = 5.0;
				TARGETED_DEVICE_FAMILY = "1,2";
			};
			name = Release;
		};
		E811144129269F1000D43AA3 /* Debug */ = {
			isa = XCBuildConfiguration;
			buildSettings = {
				ALWAYS_EMBED_SWIFT_STANDARD_LIBRARIES = YES;
				BUNDLE_LOADER = "$(TEST_HOST)";
				CODE_SIGN_STYLE = Automatic;
				CURRENT_PROJECT_VERSION = 1;
				DEVELOPMENT_TEAM = 62PXL5SLG7;
				GENERATE_INFOPLIST_FILE = YES;
				IPHONEOS_DEPLOYMENT_TARGET = 16.0;
				MARKETING_VERSION = 1.0;
				PRODUCT_BUNDLE_IDENTIFIER = FranciscoNasich.StreamixTests;
				PRODUCT_NAME = "$(TARGET_NAME)";
				SWIFT_EMIT_LOC_STRINGS = NO;
				SWIFT_VERSION = 5.0;
				TARGETED_DEVICE_FAMILY = "1,2";
				TEST_HOST = "$(BUILT_PRODUCTS_DIR)/Streamix.app/$(BUNDLE_EXECUTABLE_FOLDER_PATH)/Streamix";
			};
			name = Debug;
		};
		E811144229269F1000D43AA3 /* Release */ = {
			isa = XCBuildConfiguration;
			buildSettings = {
				ALWAYS_EMBED_SWIFT_STANDARD_LIBRARIES = YES;
				BUNDLE_LOADER = "$(TEST_HOST)";
				CODE_SIGN_STYLE = Automatic;
				CURRENT_PROJECT_VERSION = 1;
				DEVELOPMENT_TEAM = 62PXL5SLG7;
				GENERATE_INFOPLIST_FILE = YES;
				IPHONEOS_DEPLOYMENT_TARGET = 16.0;
				MARKETING_VERSION = 1.0;
				PRODUCT_BUNDLE_IDENTIFIER = FranciscoNasich.StreamixTests;
				PRODUCT_NAME = "$(TARGET_NAME)";
				SWIFT_EMIT_LOC_STRINGS = NO;
				SWIFT_VERSION = 5.0;
				TARGETED_DEVICE_FAMILY = "1,2";
				TEST_HOST = "$(BUILT_PRODUCTS_DIR)/Streamix.app/$(BUNDLE_EXECUTABLE_FOLDER_PATH)/Streamix";
			};
			name = Release;
		};
		E811144429269F1000D43AA3 /* Debug */ = {
			isa = XCBuildConfiguration;
			buildSettings = {
				ALWAYS_EMBED_SWIFT_STANDARD_LIBRARIES = YES;
				CODE_SIGN_STYLE = Automatic;
				CURRENT_PROJECT_VERSION = 1;
				DEVELOPMENT_TEAM = 62PXL5SLG7;
				GENERATE_INFOPLIST_FILE = YES;
				MARKETING_VERSION = 1.0;
				PRODUCT_BUNDLE_IDENTIFIER = FranciscoNasich.StreamixUITests;
				PRODUCT_NAME = "$(TARGET_NAME)";
				SWIFT_EMIT_LOC_STRINGS = NO;
				SWIFT_VERSION = 5.0;
				TARGETED_DEVICE_FAMILY = "1,2";
				TEST_TARGET_NAME = Streamix;
			};
			name = Debug;
		};
		E811144529269F1000D43AA3 /* Release */ = {
			isa = XCBuildConfiguration;
			buildSettings = {
				ALWAYS_EMBED_SWIFT_STANDARD_LIBRARIES = YES;
				CODE_SIGN_STYLE = Automatic;
				CURRENT_PROJECT_VERSION = 1;
				DEVELOPMENT_TEAM = 62PXL5SLG7;
				GENERATE_INFOPLIST_FILE = YES;
				MARKETING_VERSION = 1.0;
				PRODUCT_BUNDLE_IDENTIFIER = FranciscoNasich.StreamixUITests;
				PRODUCT_NAME = "$(TARGET_NAME)";
				SWIFT_EMIT_LOC_STRINGS = NO;
				SWIFT_VERSION = 5.0;
				TARGETED_DEVICE_FAMILY = "1,2";
				TEST_TARGET_NAME = Streamix;
			};
			name = Release;
		};
/* End XCBuildConfiguration section */

/* Begin XCConfigurationList section */
		E811141429269F0C00D43AA3 /* Build configuration list for PBXProject "Streamix" */ = {
			isa = XCConfigurationList;
			buildConfigurations = (
				E811143B29269F1000D43AA3 /* Debug */,
				E811143C29269F1000D43AA3 /* Release */,
			);
			defaultConfigurationIsVisible = 0;
			defaultConfigurationName = Release;
		};
		E811143D29269F1000D43AA3 /* Build configuration list for PBXNativeTarget "Streamix" */ = {
			isa = XCConfigurationList;
			buildConfigurations = (
				E811143E29269F1000D43AA3 /* Debug */,
				E811143F29269F1000D43AA3 /* Release */,
			);
			defaultConfigurationIsVisible = 0;
			defaultConfigurationName = Release;
		};
		E811144029269F1000D43AA3 /* Build configuration list for PBXNativeTarget "StreamixTests" */ = {
			isa = XCConfigurationList;
			buildConfigurations = (
				E811144129269F1000D43AA3 /* Debug */,
				E811144229269F1000D43AA3 /* Release */,
			);
			defaultConfigurationIsVisible = 0;
			defaultConfigurationName = Release;
		};
		E811144329269F1000D43AA3 /* Build configuration list for PBXNativeTarget "StreamixUITests" */ = {
			isa = XCConfigurationList;
			buildConfigurations = (
				E811144429269F1000D43AA3 /* Debug */,
				E811144529269F1000D43AA3 /* Release */,
			);
			defaultConfigurationIsVisible = 0;
			defaultConfigurationName = Release;
		};
/* End XCConfigurationList section */
	};
	rootObject = E811141129269F0C00D43AA3 /* Project object */;
}
